// !$*UTF8*$!
{
	archiveVersion = 1;
	classes = {
	};
	objectVersion = 55;
	objects = {

/* Begin PBXBuildFile section */
		3E32CDA52898E38E008FDED2 /* s3818286_Assign1App.swift in Sources */ = {isa = PBXBuildFile; fileRef = 3E32CDA42898E38E008FDED2 /* s3818286_Assign1App.swift */; };
		3E32CDA72898E38E008FDED2 /* ContentView.swift in Sources */ = {isa = PBXBuildFile; fileRef = 3E32CDA62898E38E008FDED2 /* ContentView.swift */; };
		3E32CDA92898E390008FDED2 /* Assets.xcassets in Resources */ = {isa = PBXBuildFile; fileRef = 3E32CDA82898E390008FDED2 /* Assets.xcassets */; };
		3E32CDAC2898E390008FDED2 /* Preview Assets.xcassets in Resources */ = {isa = PBXBuildFile; fileRef = 3E32CDAB2898E390008FDED2 /* Preview Assets.xcassets */; };
		3E32CDB62898E391008FDED2 /* s3818286_Assign1Tests.swift in Sources */ = {isa = PBXBuildFile; fileRef = 3E32CDB52898E391008FDED2 /* s3818286_Assign1Tests.swift */; };
		3E32CDC02898E391008FDED2 /* s3818286_Assign1UITests.swift in Sources */ = {isa = PBXBuildFile; fileRef = 3E32CDBF2898E391008FDED2 /* s3818286_Assign1UITests.swift */; };
		3E32CDC22898E391008FDED2 /* s3818286_Assign1UITestsLaunchTests.swift in Sources */ = {isa = PBXBuildFile; fileRef = 3E32CDC12898E391008FDED2 /* s3818286_Assign1UITestsLaunchTests.swift */; };
		3E32CDD22898E683008FDED2 /* AnimeRow.swift in Sources */ = {isa = PBXBuildFile; fileRef = 3E32CDD12898E683008FDED2 /* AnimeRow.swift */; };
		3E32CDD42898E6F5008FDED2 /* Anime.swift in Sources */ = {isa = PBXBuildFile; fileRef = 3E32CDD32898E6F5008FDED2 /* Anime.swift */; };
		3E32CDD62898E84F008FDED2 /* AnimeList.swift in Sources */ = {isa = PBXBuildFile; fileRef = 3E32CDD52898E84F008FDED2 /* AnimeList.swift */; };
		3E32CDD82898EC1A008FDED2 /* AnimeDetail.swift in Sources */ = {isa = PBXBuildFile; fileRef = 3E32CDD72898EC1A008FDED2 /* AnimeDetail.swift */; };
		3E32CDDA2898F07E008FDED2 /* AnimeData.swift in Sources */ = {isa = PBXBuildFile; fileRef = 3E32CDD92898F07E008FDED2 /* AnimeData.swift */; };
		3E32CDDC2898FA7B008FDED2 /* CircleImage.swift in Sources */ = {isa = PBXBuildFile; fileRef = 3E32CDDB2898FA7B008FDED2 /* CircleImage.swift */; };
/* End PBXBuildFile section */

/* Begin PBXContainerItemProxy section */
		3E32CDB22898E391008FDED2 /* PBXContainerItemProxy */ = {
			isa = PBXContainerItemProxy;
			containerPortal = 3E32CD992898E38D008FDED2 /* Project object */;
			proxyType = 1;
			remoteGlobalIDString = 3E32CDA02898E38D008FDED2;
			remoteInfo = s3818286_Assign1;
		};
		3E32CDBC2898E391008FDED2 /* PBXContainerItemProxy */ = {
			isa = PBXContainerItemProxy;
			containerPortal = 3E32CD992898E38D008FDED2 /* Project object */;
			proxyType = 1;
			remoteGlobalIDString = 3E32CDA02898E38D008FDED2;
			remoteInfo = s3818286_Assign1;
		};
/* End PBXContainerItemProxy section */

/* Begin PBXFileReference section */
		3E32CDA12898E38E008FDED2 /* s3818286_Assign1.app */ = {isa = PBXFileReference; explicitFileType = wrapper.application; includeInIndex = 0; path = s3818286_Assign1.app; sourceTree = BUILT_PRODUCTS_DIR; };
		3E32CDA42898E38E008FDED2 /* s3818286_Assign1App.swift */ = {isa = PBXFileReference; lastKnownFileType = sourcecode.swift; path = s3818286_Assign1App.swift; sourceTree = "<group>"; };
		3E32CDA62898E38E008FDED2 /* ContentView.swift */ = {isa = PBXFileReference; lastKnownFileType = sourcecode.swift; path = ContentView.swift; sourceTree = "<group>"; };
		3E32CDA82898E390008FDED2 /* Assets.xcassets */ = {isa = PBXFileReference; lastKnownFileType = folder.assetcatalog; path = Assets.xcassets; sourceTree = "<group>"; };
		3E32CDAB2898E390008FDED2 /* Preview Assets.xcassets */ = {isa = PBXFileReference; lastKnownFileType = folder.assetcatalog; path = "Preview Assets.xcassets"; sourceTree = "<group>"; };
		3E32CDB12898E391008FDED2 /* s3818286_Assign1Tests.xctest */ = {isa = PBXFileReference; explicitFileType = wrapper.cfbundle; includeInIndex = 0; path = s3818286_Assign1Tests.xctest; sourceTree = BUILT_PRODUCTS_DIR; };
		3E32CDB52898E391008FDED2 /* s3818286_Assign1Tests.swift */ = {isa = PBXFileReference; lastKnownFileType = sourcecode.swift; path = s3818286_Assign1Tests.swift; sourceTree = "<group>"; };
		3E32CDBB2898E391008FDED2 /* s3818286_Assign1UITests.xctest */ = {isa = PBXFileReference; explicitFileType = wrapper.cfbundle; includeInIndex = 0; path = s3818286_Assign1UITests.xctest; sourceTree = BUILT_PRODUCTS_DIR; };
		3E32CDBF2898E391008FDED2 /* s3818286_Assign1UITests.swift */ = {isa = PBXFileReference; lastKnownFileType = sourcecode.swift; path = s3818286_Assign1UITests.swift; sourceTree = "<group>"; };
		3E32CDC12898E391008FDED2 /* s3818286_Assign1UITestsLaunchTests.swift */ = {isa = PBXFileReference; lastKnownFileType = sourcecode.swift; path = s3818286_Assign1UITestsLaunchTests.swift; sourceTree = "<group>"; };
		3E32CDD12898E683008FDED2 /* AnimeRow.swift */ = {isa = PBXFileReference; lastKnownFileType = sourcecode.swift; path = AnimeRow.swift; sourceTree = "<group>"; };
		3E32CDD32898E6F5008FDED2 /* Anime.swift */ = {isa = PBXFileReference; lastKnownFileType = sourcecode.swift; path = Anime.swift; sourceTree = "<group>"; };
		3E32CDD52898E84F008FDED2 /* AnimeList.swift */ = {isa = PBXFileReference; lastKnownFileType = sourcecode.swift; path = AnimeList.swift; sourceTree = "<group>"; };
		3E32CDD72898EC1A008FDED2 /* AnimeDetail.swift */ = {isa = PBXFileReference; lastKnownFileType = sourcecode.swift; path = AnimeDetail.swift; sourceTree = "<group>"; };
		3E32CDD92898F07E008FDED2 /* AnimeData.swift */ = {isa = PBXFileReference; lastKnownFileType = sourcecode.swift; path = AnimeData.swift; sourceTree = "<group>"; };
		3E32CDDB2898FA7B008FDED2 /* CircleImage.swift */ = {isa = PBXFileReference; lastKnownFileType = sourcecode.swift; path = CircleImage.swift; sourceTree = "<group>"; };
/* End PBXFileReference section */

/* Begin PBXFrameworksBuildPhase section */
		3E32CD9E2898E38D008FDED2 /* Frameworks */ = {
			isa = PBXFrameworksBuildPhase;
			buildActionMask = 2147483647;
			files = (
			);
			runOnlyForDeploymentPostprocessing = 0;
		};
		3E32CDAE2898E391008FDED2 /* Frameworks */ = {
			isa = PBXFrameworksBuildPhase;
			buildActionMask = 2147483647;
			files = (
			);
			runOnlyForDeploymentPostprocessing = 0;
		};
		3E32CDB82898E391008FDED2 /* Frameworks */ = {
			isa = PBXFrameworksBuildPhase;
			buildActionMask = 2147483647;
			files = (
			);
			runOnlyForDeploymentPostprocessing = 0;
		};
/* End PBXFrameworksBuildPhase section */

/* Begin PBXGroup section */
		3E32CD982898E38D008FDED2 = {
			isa = PBXGroup;
			children = (
				3E32CDA32898E38E008FDED2 /* s3818286_Assign1 */,
				3E32CDB42898E391008FDED2 /* s3818286_Assign1Tests */,
				3E32CDBE2898E391008FDED2 /* s3818286_Assign1UITests */,
				3E32CDA22898E38E008FDED2 /* Products */,
			);
			sourceTree = "<group>";
		};
		3E32CDA22898E38E008FDED2 /* Products */ = {
			isa = PBXGroup;
			children = (
				3E32CDA12898E38E008FDED2 /* s3818286_Assign1.app */,
				3E32CDB12898E391008FDED2 /* s3818286_Assign1Tests.xctest */,
				3E32CDBB2898E391008FDED2 /* s3818286_Assign1UITests.xctest */,
			);
			name = Products;
			sourceTree = "<group>";
		};
		3E32CDA32898E38E008FDED2 /* s3818286_Assign1 */ = {
			isa = PBXGroup;
			children = (
				3E32CDA42898E38E008FDED2 /* s3818286_Assign1App.swift */,
				3E32CDA62898E38E008FDED2 /* ContentView.swift */,
				3E32CDD02898E613008FDED2 /* Models */,
				3E32CDCF2898E600008FDED2 /* Views */,
				3E32CDA82898E390008FDED2 /* Assets.xcassets */,
				3E32CDAA2898E390008FDED2 /* Preview Content */,
			);
			path = s3818286_Assign1;
			sourceTree = "<group>";
		};
		3E32CDAA2898E390008FDED2 /* Preview Content */ = {
			isa = PBXGroup;
			children = (
				3E32CDAB2898E390008FDED2 /* Preview Assets.xcassets */,
			);
			path = "Preview Content";
			sourceTree = "<group>";
		};
		3E32CDB42898E391008FDED2 /* s3818286_Assign1Tests */ = {
			isa = PBXGroup;
			children = (
				3E32CDB52898E391008FDED2 /* s3818286_Assign1Tests.swift */,
			);
			path = s3818286_Assign1Tests;
			sourceTree = "<group>";
		};
		3E32CDBE2898E391008FDED2 /* s3818286_Assign1UITests */ = {
			isa = PBXGroup;
			children = (
				3E32CDBF2898E391008FDED2 /* s3818286_Assign1UITests.swift */,
				3E32CDC12898E391008FDED2 /* s3818286_Assign1UITestsLaunchTests.swift */,
			);
			path = s3818286_Assign1UITests;
			sourceTree = "<group>";
		};
		3E32CDCF2898E600008FDED2 /* Views */ = {
			isa = PBXGroup;
			children = (
				3E32CDD72898EC1A008FDED2 /* AnimeDetail.swift */,
				3E32CDD12898E683008FDED2 /* AnimeRow.swift */,
				3E32CDD52898E84F008FDED2 /* AnimeList.swift */,
				3E32CDDB2898FA7B008FDED2 /* CircleImage.swift */,
			);
			path = Views;
			sourceTree = "<group>";
		};
		3E32CDD02898E613008FDED2 /* Models */ = {
			isa = PBXGroup;
			children = (
				3E32CDD32898E6F5008FDED2 /* Anime.swift */,
				3E32CDD92898F07E008FDED2 /* AnimeData.swift */,
			);
			path = Models;
			sourceTree = "<group>";
		};
/* End PBXGroup section */

/* Begin PBXNativeTarget section */
		3E32CDA02898E38D008FDED2 /* s3818286_Assign1 */ = {
			isa = PBXNativeTarget;
			buildConfigurationList = 3E32CDC52898E391008FDED2 /* Build configuration list for PBXNativeTarget "s3818286_Assign1" */;
			buildPhases = (
				3E32CD9D2898E38D008FDED2 /* Sources */,
				3E32CD9E2898E38D008FDED2 /* Frameworks */,
				3E32CD9F2898E38D008FDED2 /* Resources */,
			);
			buildRules = (
			);
			dependencies = (
			);
			name = s3818286_Assign1;
			productName = s3818286_Assign1;
			productReference = 3E32CDA12898E38E008FDED2 /* s3818286_Assign1.app */;
			productType = "com.apple.product-type.application";
		};
		3E32CDB02898E391008FDED2 /* s3818286_Assign1Tests */ = {
			isa = PBXNativeTarget;
			buildConfigurationList = 3E32CDC82898E391008FDED2 /* Build configuration list for PBXNativeTarget "s3818286_Assign1Tests" */;
			buildPhases = (
				3E32CDAD2898E391008FDED2 /* Sources */,
				3E32CDAE2898E391008FDED2 /* Frameworks */,
				3E32CDAF2898E391008FDED2 /* Resources */,
			);
			buildRules = (
			);
			dependencies = (
				3E32CDB32898E391008FDED2 /* PBXTargetDependency */,
			);
			name = s3818286_Assign1Tests;
			productName = s3818286_Assign1Tests;
			productReference = 3E32CDB12898E391008FDED2 /* s3818286_Assign1Tests.xctest */;
			productType = "com.apple.product-type.bundle.unit-test";
		};
		3E32CDBA2898E391008FDED2 /* s3818286_Assign1UITests */ = {
			isa = PBXNativeTarget;
			buildConfigurationList = 3E32CDCB2898E391008FDED2 /* Build configuration list for PBXNativeTarget "s3818286_Assign1UITests" */;
			buildPhases = (
				3E32CDB72898E391008FDED2 /* Sources */,
				3E32CDB82898E391008FDED2 /* Frameworks */,
				3E32CDB92898E391008FDED2 /* Resources */,
			);
			buildRules = (
			);
			dependencies = (
				3E32CDBD2898E391008FDED2 /* PBXTargetDependency */,
			);
			name = s3818286_Assign1UITests;
			productName = s3818286_Assign1UITests;
			productReference = 3E32CDBB2898E391008FDED2 /* s3818286_Assign1UITests.xctest */;
			productType = "com.apple.product-type.bundle.ui-testing";
		};
/* End PBXNativeTarget section */

/* Begin PBXProject section */
		3E32CD992898E38D008FDED2 /* Project object */ = {
			isa = PBXProject;
			attributes = {
				BuildIndependentTargetsInParallel = 1;
				LastSwiftUpdateCheck = 1340;
				LastUpgradeCheck = 1340;
				TargetAttributes = {
					3E32CDA02898E38D008FDED2 = {
						CreatedOnToolsVersion = 13.4.1;
					};
					3E32CDB02898E391008FDED2 = {
						CreatedOnToolsVersion = 13.4.1;
						TestTargetID = 3E32CDA02898E38D008FDED2;
					};
					3E32CDBA2898E391008FDED2 = {
						CreatedOnToolsVersion = 13.4.1;
						TestTargetID = 3E32CDA02898E38D008FDED2;
					};
				};
			};
			buildConfigurationList = 3E32CD9C2898E38D008FDED2 /* Build configuration list for PBXProject "s3818286_Assign1" */;
			compatibilityVersion = "Xcode 13.0";
			developmentRegion = en;
			hasScannedForEncodings = 0;
			knownRegions = (
				en,
				Base,
			);
			mainGroup = 3E32CD982898E38D008FDED2;
			productRefGroup = 3E32CDA22898E38E008FDED2 /* Products */;
			projectDirPath = "";
			projectRoot = "";
			targets = (
				3E32CDA02898E38D008FDED2 /* s3818286_Assign1 */,
				3E32CDB02898E391008FDED2 /* s3818286_Assign1Tests */,
				3E32CDBA2898E391008FDED2 /* s3818286_Assign1UITests */,
			);
		};
/* End PBXProject section */

/* Begin PBXResourcesBuildPhase section */
		3E32CD9F2898E38D008FDED2 /* Resources */ = {
			isa = PBXResourcesBuildPhase;
			buildActionMask = 2147483647;
			files = (
				3E32CDAC2898E390008FDED2 /* Preview Assets.xcassets in Resources */,
				3E32CDA92898E390008FDED2 /* Assets.xcassets in Resources */,
			);
			runOnlyForDeploymentPostprocessing = 0;
		};
		3E32CDAF2898E391008FDED2 /* Resources */ = {
			isa = PBXResourcesBuildPhase;
			buildActionMask = 2147483647;
			files = (
			);
			runOnlyForDeploymentPostprocessing = 0;
		};
		3E32CDB92898E391008FDED2 /* Resources */ = {
			isa = PBXResourcesBuildPhase;
			buildActionMask = 2147483647;
			files = (
			);
			runOnlyForDeploymentPostprocessing = 0;
		};
/* End PBXResourcesBuildPhase section */

/* Begin PBXSourcesBuildPhase section */
		3E32CD9D2898E38D008FDED2 /* Sources */ = {
			isa = PBXSourcesBuildPhase;
			buildActionMask = 2147483647;
			files = (
				3E32CDD42898E6F5008FDED2 /* Anime.swift in Sources */,
				3E32CDDC2898FA7B008FDED2 /* CircleImage.swift in Sources */,
				3E32CDD22898E683008FDED2 /* AnimeRow.swift in Sources */,
				3E32CDA72898E38E008FDED2 /* ContentView.swift in Sources */,
				3E32CDDA2898F07E008FDED2 /* AnimeData.swift in Sources */,
				3E32CDD82898EC1A008FDED2 /* AnimeDetail.swift in Sources */,
				3E32CDD62898E84F008FDED2 /* AnimeList.swift in Sources */,
				3E32CDA52898E38E008FDED2 /* s3818286_Assign1App.swift in Sources */,
			);
			runOnlyForDeploymentPostprocessing = 0;
		};
		3E32CDAD2898E391008FDED2 /* Sources */ = {
			isa = PBXSourcesBuildPhase;
			buildActionMask = 2147483647;
			files = (
				3E32CDB62898E391008FDED2 /* s3818286_Assign1Tests.swift in Sources */,
			);
			runOnlyForDeploymentPostprocessing = 0;
		};
		3E32CDB72898E391008FDED2 /* Sources */ = {
			isa = PBXSourcesBuildPhase;
			buildActionMask = 2147483647;
			files = (
				3E32CDC22898E391008FDED2 /* s3818286_Assign1UITestsLaunchTests.swift in Sources */,
				3E32CDC02898E391008FDED2 /* s3818286_Assign1UITests.swift in Sources */,
			);
			runOnlyForDeploymentPostprocessing = 0;
		};
/* End PBXSourcesBuildPhase section */

/* Begin PBXTargetDependency section */
		3E32CDB32898E391008FDED2 /* PBXTargetDependency */ = {
			isa = PBXTargetDependency;
			target = 3E32CDA02898E38D008FDED2 /* s3818286_Assign1 */;
			targetProxy = 3E32CDB22898E391008FDED2 /* PBXContainerItemProxy */;
		};
		3E32CDBD2898E391008FDED2 /* PBXTargetDependency */ = {
			isa = PBXTargetDependency;
			target = 3E32CDA02898E38D008FDED2 /* s3818286_Assign1 */;
			targetProxy = 3E32CDBC2898E391008FDED2 /* PBXContainerItemProxy */;
		};
/* End PBXTargetDependency section */

/* Begin XCBuildConfiguration section */
		3E32CDC32898E391008FDED2 /* Debug */ = {
			isa = XCBuildConfiguration;
			buildSettings = {
				ALWAYS_SEARCH_USER_PATHS = NO;
				CLANG_ANALYZER_NONNULL = YES;
				CLANG_ANALYZER_NUMBER_OBJECT_CONVERSION = YES_AGGRESSIVE;
				CLANG_CXX_LANGUAGE_STANDARD = "gnu++17";
				CLANG_ENABLE_MODULES = YES;
				CLANG_ENABLE_OBJC_ARC = YES;
				CLANG_ENABLE_OBJC_WEAK = YES;
				CLANG_WARN_BLOCK_CAPTURE_AUTORELEASING = YES;
				CLANG_WARN_BOOL_CONVERSION = YES;
				CLANG_WARN_COMMA = YES;
				CLANG_WARN_CONSTANT_CONVERSION = YES;
				CLANG_WARN_DEPRECATED_OBJC_IMPLEMENTATIONS = YES;
				CLANG_WARN_DIRECT_OBJC_ISA_USAGE = YES_ERROR;
				CLANG_WARN_DOCUMENTATION_COMMENTS = YES;
				CLANG_WARN_EMPTY_BODY = YES;
				CLANG_WARN_ENUM_CONVERSION = YES;
				CLANG_WARN_INFINITE_RECURSION = YES;
				CLANG_WARN_INT_CONVERSION = YES;
				CLANG_WARN_NON_LITERAL_NULL_CONVERSION = YES;
				CLANG_WARN_OBJC_IMPLICIT_RETAIN_SELF = YES;
				CLANG_WARN_OBJC_LITERAL_CONVERSION = YES;
				CLANG_WARN_OBJC_ROOT_CLASS = YES_ERROR;
				CLANG_WARN_QUOTED_INCLUDE_IN_FRAMEWORK_HEADER = YES;
				CLANG_WARN_RANGE_LOOP_ANALYSIS = YES;
				CLANG_WARN_STRICT_PROTOTYPES = YES;
				CLANG_WARN_SUSPICIOUS_MOVE = YES;
				CLANG_WARN_UNGUARDED_AVAILABILITY = YES_AGGRESSIVE;
				CLANG_WARN_UNREACHABLE_CODE = YES;
				CLANG_WARN__DUPLICATE_METHOD_MATCH = YES;
				COPY_PHASE_STRIP = NO;
				DEBUG_INFORMATION_FORMAT = dwarf;
				ENABLE_STRICT_OBJC_MSGSEND = YES;
				ENABLE_TESTABILITY = YES;
				GCC_C_LANGUAGE_STANDARD = gnu11;
				GCC_DYNAMIC_NO_PIC = NO;
				GCC_NO_COMMON_BLOCKS = YES;
				GCC_OPTIMIZATION_LEVEL = 0;
				GCC_PREPROCESSOR_DEFINITIONS = (
					"DEBUG=1",
					"$(inherited)",
				);
				GCC_WARN_64_TO_32_BIT_CONVERSION = YES;
				GCC_WARN_ABOUT_RETURN_TYPE = YES_ERROR;
				GCC_WARN_UNDECLARED_SELECTOR = YES;
				GCC_WARN_UNINITIALIZED_AUTOS = YES_AGGRESSIVE;
				GCC_WARN_UNUSED_FUNCTION = YES;
				GCC_WARN_UNUSED_VARIABLE = YES;
				IPHONEOS_DEPLOYMENT_TARGET = 15.5;
				MTL_ENABLE_DEBUG_INFO = INCLUDE_SOURCE;
				MTL_FAST_MATH = YES;
				ONLY_ACTIVE_ARCH = YES;
				SDKROOT = iphoneos;
				SWIFT_ACTIVE_COMPILATION_CONDITIONS = DEBUG;
				SWIFT_OPTIMIZATION_LEVEL = "-Onone";
			};
			name = Debug;
		};
		3E32CDC42898E391008FDED2 /* Release */ = {
			isa = XCBuildConfiguration;
			buildSettings = {
				ALWAYS_SEARCH_USER_PATHS = NO;
				CLANG_ANALYZER_NONNULL = YES;
				CLANG_ANALYZER_NUMBER_OBJECT_CONVERSION = YES_AGGRESSIVE;
				CLANG_CXX_LANGUAGE_STANDARD = "gnu++17";
				CLANG_ENABLE_MODULES = YES;
				CLANG_ENABLE_OBJC_ARC = YES;
				CLANG_ENABLE_OBJC_WEAK = YES;
				CLANG_WARN_BLOCK_CAPTURE_AUTORELEASING = YES;
				CLANG_WARN_BOOL_CONVERSION = YES;
				CLANG_WARN_COMMA = YES;
				CLANG_WARN_CONSTANT_CONVERSION = YES;
				CLANG_WARN_DEPRECATED_OBJC_IMPLEMENTATIONS = YES;
				CLANG_WARN_DIRECT_OBJC_ISA_USAGE = YES_ERROR;
				CLANG_WARN_DOCUMENTATION_COMMENTS = YES;
				CLANG_WARN_EMPTY_BODY = YES;
				CLANG_WARN_ENUM_CONVERSION = YES;
				CLANG_WARN_INFINITE_RECURSION = YES;
				CLANG_WARN_INT_CONVERSION = YES;
				CLANG_WARN_NON_LITERAL_NULL_CONVERSION = YES;
				CLANG_WARN_OBJC_IMPLICIT_RETAIN_SELF = YES;
				CLANG_WARN_OBJC_LITERAL_CONVERSION = YES;
				CLANG_WARN_OBJC_ROOT_CLASS = YES_ERROR;
				CLANG_WARN_QUOTED_INCLUDE_IN_FRAMEWORK_HEADER = YES;
				CLANG_WARN_RANGE_LOOP_ANALYSIS = YES;
				CLANG_WARN_STRICT_PROTOTYPES = YES;
				CLANG_WARN_SUSPICIOUS_MOVE = YES;
				CLANG_WARN_UNGUARDED_AVAILABILITY = YES_AGGRESSIVE;
				CLANG_WARN_UNREACHABLE_CODE = YES;
				CLANG_WARN__DUPLICATE_METHOD_MATCH = YES;
				COPY_PHASE_STRIP = NO;
				DEBUG_INFORMATION_FORMAT = "dwarf-with-dsym";
				ENABLE_NS_ASSERTIONS = NO;
				ENABLE_STRICT_OBJC_MSGSEND = YES;
				GCC_C_LANGUAGE_STANDARD = gnu11;
				GCC_NO_COMMON_BLOCKS = YES;
				GCC_WARN_64_TO_32_BIT_CONVERSION = YES;
				GCC_WARN_ABOUT_RETURN_TYPE = YES_ERROR;
				GCC_WARN_UNDECLARED_SELECTOR = YES;
				GCC_WARN_UNINITIALIZED_AUTOS = YES_AGGRESSIVE;
				GCC_WARN_UNUSED_FUNCTION = YES;
				GCC_WARN_UNUSED_VARIABLE = YES;
				IPHONEOS_DEPLOYMENT_TARGET = 15.5;
				MTL_ENABLE_DEBUG_INFO = NO;
				MTL_FAST_MATH = YES;
				SDKROOT = iphoneos;
				SWIFT_COMPILATION_MODE = wholemodule;
				SWIFT_OPTIMIZATION_LEVEL = "-O";
				VALIDATE_PRODUCT = YES;
			};
			name = Release;
		};
		3E32CDC62898E391008FDED2 /* Debug */ = {
			isa = XCBuildConfiguration;
			buildSettings = {
				ASSETCATALOG_COMPILER_APPICON_NAME = AppIcon;
				ASSETCATALOG_COMPILER_GLOBAL_ACCENT_COLOR_NAME = AccentColor;
				CODE_SIGN_STYLE = Automatic;
				CURRENT_PROJECT_VERSION = 1;
				DEVELOPMENT_ASSET_PATHS = "\"s3818286_Assign1/Preview Content\"";
				ENABLE_PREVIEWS = YES;
				GENERATE_INFOPLIST_FILE = YES;
				INFOPLIST_KEY_UIApplicationSceneManifest_Generation = YES;
				INFOPLIST_KEY_UIApplicationSupportsIndirectInputEvents = YES;
				INFOPLIST_KEY_UILaunchScreen_Generation = YES;
				INFOPLIST_KEY_UISupportedInterfaceOrientations_iPad = "UIInterfaceOrientationPortrait UIInterfaceOrientationPortraitUpsideDown UIInterfaceOrientationLandscapeLeft UIInterfaceOrientationLandscapeRight";
				INFOPLIST_KEY_UISupportedInterfaceOrientations_iPhone = "UIInterfaceOrientationPortrait UIInterfaceOrientationLandscapeLeft UIInterfaceOrientationLandscapeRight";
				LD_RUNPATH_SEARCH_PATHS = (
					"$(inherited)",
					"@executable_path/Frameworks",
				);
				MARKETING_VERSION = 1.0;
				PRODUCT_BUNDLE_IDENTIFIER = "vn.rmit.edu.s3818286.s3818286-Assign1";
				PRODUCT_NAME = "$(TARGET_NAME)";
				SWIFT_EMIT_LOC_STRINGS = YES;
				SWIFT_VERSION = 5.0;
				TARGETED_DEVICE_FAMILY = "1,2";
			};
			name = Debug;
		};
		3E32CDC72898E391008FDED2 /* Release */ = {
			isa = XCBuildConfiguration;
			buildSettings = {
				ASSETCATALOG_COMPILER_APPICON_NAME = AppIcon;
				ASSETCATALOG_COMPILER_GLOBAL_ACCENT_COLOR_NAME = AccentColor;
				CODE_SIGN_STYLE = Automatic;
				CURRENT_PROJECT_VERSION = 1;
				DEVELOPMENT_ASSET_PATHS = "\"s3818286_Assign1/Preview Content\"";
				ENABLE_PREVIEWS = YES;
				GENERATE_INFOPLIST_FILE = YES;
				INFOPLIST_KEY_UIApplicationSceneManifest_Generation = YES;
				INFOPLIST_KEY_UIApplicationSupportsIndirectInputEvents = YES;
				INFOPLIST_KEY_UILaunchScreen_Generation = YES;
				INFOPLIST_KEY_UISupportedInterfaceOrientations_iPad = "UIInterfaceOrientationPortrait UIInterfaceOrientationPortraitUpsideDown UIInterfaceOrientationLandscapeLeft UIInterfaceOrientationLandscapeRight";
				INFOPLIST_KEY_UISupportedInterfaceOrientations_iPhone = "UIInterfaceOrientationPortrait UIInterfaceOrientationLandscapeLeft UIInterfaceOrientationLandscapeRight";
				LD_RUNPATH_SEARCH_PATHS = (
					"$(inherited)",
					"@executable_path/Frameworks",
				);
				MARKETING_VERSION = 1.0;
				PRODUCT_BUNDLE_IDENTIFIER = "vn.rmit.edu.s3818286.s3818286-Assign1";
				PRODUCT_NAME = "$(TARGET_NAME)";
				SWIFT_EMIT_LOC_STRINGS = YES;
				SWIFT_VERSION = 5.0;
				TARGETED_DEVICE_FAMILY = "1,2";
			};
			name = Release;
		};
		3E32CDC92898E391008FDED2 /* Debug */ = {
			isa = XCBuildConfiguration;
			buildSettings = {
				ALWAYS_EMBED_SWIFT_STANDARD_LIBRARIES = YES;
				BUNDLE_LOADER = "$(TEST_HOST)";
				CODE_SIGN_STYLE = Automatic;
				CURRENT_PROJECT_VERSION = 1;
				GENERATE_INFOPLIST_FILE = YES;
				IPHONEOS_DEPLOYMENT_TARGET = 15.5;
				MARKETING_VERSION = 1.0;
				PRODUCT_BUNDLE_IDENTIFIER = "vn.rmit.edu.s3818286.s3818286-Assign1Tests";
				PRODUCT_NAME = "$(TARGET_NAME)";
				SWIFT_EMIT_LOC_STRINGS = NO;
				SWIFT_VERSION = 5.0;
				TARGETED_DEVICE_FAMILY = "1,2";
				TEST_HOST = "$(BUILT_PRODUCTS_DIR)/s3818286_Assign1.app/s3818286_Assign1";
			};
			name = Debug;
		};
		3E32CDCA2898E391008FDED2 /* Release */ = {
			isa = XCBuildConfiguration;
			buildSettings = {
				ALWAYS_EMBED_SWIFT_STANDARD_LIBRARIES = YES;
				BUNDLE_LOADER = "$(TEST_HOST)";
				CODE_SIGN_STYLE = Automatic;
				CURRENT_PROJECT_VERSION = 1;
				GENERATE_INFOPLIST_FILE = YES;
				IPHONEOS_DEPLOYMENT_TARGET = 15.5;
				MARKETING_VERSION = 1.0;
				PRODUCT_BUNDLE_IDENTIFIER = "vn.rmit.edu.s3818286.s3818286-Assign1Tests";
				PRODUCT_NAME = "$(TARGET_NAME)";
				SWIFT_EMIT_LOC_STRINGS = NO;
				SWIFT_VERSION = 5.0;
				TARGETED_DEVICE_FAMILY = "1,2";
				TEST_HOST = "$(BUILT_PRODUCTS_DIR)/s3818286_Assign1.app/s3818286_Assign1";
			};
			name = Release;
		};
		3E32CDCC2898E391008FDED2 /* Debug */ = {
			isa = XCBuildConfiguration;
			buildSettings = {
				ALWAYS_EMBED_SWIFT_STANDARD_LIBRARIES = YES;
				CODE_SIGN_STYLE = Automatic;
				CURRENT_PROJECT_VERSION = 1;
				GENERATE_INFOPLIST_FILE = YES;
				MARKETING_VERSION = 1.0;
				PRODUCT_BUNDLE_IDENTIFIER = "vn.rmit.edu.s3818286.s3818286-Assign1UITests";
				PRODUCT_NAME = "$(TARGET_NAME)";
				SWIFT_EMIT_LOC_STRINGS = NO;
				SWIFT_VERSION = 5.0;
				TARGETED_DEVICE_FAMILY = "1,2";
				TEST_TARGET_NAME = s3818286_Assign1;
			};
			name = Debug;
		};
		3E32CDCD2898E391008FDED2 /* Release */ = {
			isa = XCBuildConfiguration;
			buildSettings = {
				ALWAYS_EMBED_SWIFT_STANDARD_LIBRARIES = YES;
				CODE_SIGN_STYLE = Automatic;
				CURRENT_PROJECT_VERSION = 1;
				GENERATE_INFOPLIST_FILE = YES;
				MARKETING_VERSION = 1.0;
				PRODUCT_BUNDLE_IDENTIFIER = "vn.rmit.edu.s3818286.s3818286-Assign1UITests";
				PRODUCT_NAME = "$(TARGET_NAME)";
				SWIFT_EMIT_LOC_STRINGS = NO;
				SWIFT_VERSION = 5.0;
				TARGETED_DEVICE_FAMILY = "1,2";
				TEST_TARGET_NAME = s3818286_Assign1;
			};
			name = Release;
		};
/* End XCBuildConfiguration section */

/* Begin XCConfigurationList section */
		3E32CD9C2898E38D008FDED2 /* Build configuration list for PBXProject "s3818286_Assign1" */ = {
			isa = XCConfigurationList;
			buildConfigurations = (
				3E32CDC32898E391008FDED2 /* Debug */,
				3E32CDC42898E391008FDED2 /* Release */,
			);
			defaultConfigurationIsVisible = 0;
			defaultConfigurationName = Release;
		};
		3E32CDC52898E391008FDED2 /* Build configuration list for PBXNativeTarget "s3818286_Assign1" */ = {
			isa = XCConfigurationList;
			buildConfigurations = (
				3E32CDC62898E391008FDED2 /* Debug */,
				3E32CDC72898E391008FDED2 /* Release */,
			);
			defaultConfigurationIsVisible = 0;
			defaultConfigurationName = Release;
		};
		3E32CDC82898E391008FDED2 /* Build configuration list for PBXNativeTarget "s3818286_Assign1Tests" */ = {
			isa = XCConfigurationList;
			buildConfigurations = (
				3E32CDC92898E391008FDED2 /* Debug */,
				3E32CDCA2898E391008FDED2 /* Release */,
			);
			defaultConfigurationIsVisible = 0;
			defaultConfigurationName = Release;
		};
		3E32CDCB2898E391008FDED2 /* Build configuration list for PBXNativeTarget "s3818286_Assign1UITests" */ = {
			isa = XCConfigurationList;
			buildConfigurations = (
				3E32CDCC2898E391008FDED2 /* Debug */,
				3E32CDCD2898E391008FDED2 /* Release */,
			);
			defaultConfigurationIsVisible = 0;
			defaultConfigurationName = Release;
		};
/* End XCConfigurationList section */
	};
	rootObject = 3E32CD992898E38D008FDED2 /* Project object */;
}
